
Microsoft Visual Studio Solution File, Format Version 12.00
# Visual Studio Version 17
VisualStudioVersion = 17.2.32630.192
MinimumVisualStudioVersion = 10.0.40219.1
Project("{9A19103F-16F7-4668-BE54-9A1E7A4F7556}") = "AnagramSolver.BusinessLogic", "AnagramSolver.BusinessLogic\AnagramSolver.BusinessLogic.csproj", "{5DFD15A4-2938-4D0E-AAEE-AF7013B23BEC}"
EndProject
Project("{9A19103F-16F7-4668-BE54-9A1E7A4F7556}") = "AnagramSolver.Contracts", "AnagramSolver.Contracts\AnagramSolver.Contracts.csproj", "{89D24E3E-03EC-48FA-B264-4AA5BE74B6F3}"
EndProject
Project("{9A19103F-16F7-4668-BE54-9A1E7A4F7556}") = "AnagramSolver.Cli", "AnagramSolver.Cli\AnagramSolver.Cli.csproj", "{3FFA9504-2B5C-432B-8703-C7C2757ADA1D}"
EndProject
Project("{FAE04EC0-301F-11D3-BF4B-00C04F79EFBC}") = "AnagramSolver.Tests", "AnagramSolver.Tests\AnagramSolver.Tests.csproj", "{6BAB1375-DE87-4484-B98B-EB6A2AE51D7C}"
EndProject
Global
	GlobalSection(SolutionConfigurationPlatforms) = preSolution
		Debug|Any CPU = Debug|Any CPU
		Release|Any CPU = Release|Any CPU
	EndGlobalSection
	GlobalSection(ProjectConfigurationPlatforms) = postSolution
		{5DFD15A4-2938-4D0E-AAEE-AF7013B23BEC}.Debug|Any CPU.ActiveCfg = Debug|Any CPU
		{5DFD15A4-2938-4D0E-AAEE-AF7013B23BEC}.Debug|Any CPU.Build.0 = Debug|Any CPU
		{5DFD15A4-2938-4D0E-AAEE-AF7013B23BEC}.Release|Any CPU.ActiveCfg = Release|Any CPU
		{5DFD15A4-2938-4D0E-AAEE-AF7013B23BEC}.Release|Any CPU.Build.0 = Release|Any CPU
		{89D24E3E-03EC-48FA-B264-4AA5BE74B6F3}.Debug|Any CPU.ActiveCfg = Debug|Any CPU
		{89D24E3E-03EC-48FA-B264-4AA5BE74B6F3}.Debug|Any CPU.Build.0 = Debug|Any CPU
		{89D24E3E-03EC-48FA-B264-4AA5BE74B6F3}.Release|Any CPU.ActiveCfg = Release|Any CPU
		{89D24E3E-03EC-48FA-B264-4AA5BE74B6F3}.Release|Any CPU.Build.0 = Release|Any CPU
		{3FFA9504-2B5C-432B-8703-C7C2757ADA1D}.Debug|Any CPU.ActiveCfg = Debug|Any CPU
		{3FFA9504-2B5C-432B-8703-C7C2757ADA1D}.Debug|Any CPU.Build.0 = Debug|Any CPU
		{3FFA9504-2B5C-432B-8703-C7C2757ADA1D}.Release|Any CPU.ActiveCfg = Release|Any CPU
		{3FFA9504-2B5C-432B-8703-C7C2757ADA1D}.Release|Any CPU.Build.0 = Release|Any CPU
		{6BAB1375-DE87-4484-B98B-EB6A2AE51D7C}.Debug|Any CPU.ActiveCfg = Debug|Any CPU
		{6BAB1375-DE87-4484-B98B-EB6A2AE51D7C}.Debug|Any CPU.Build.0 = Debug|Any CPU
		{6BAB1375-DE87-4484-B98B-EB6A2AE51D7C}.Release|Any CPU.ActiveCfg = Release|Any CPU
		{6BAB1375-DE87-4484-B98B-EB6A2AE51D7C}.Release|Any CPU.Build.0 = Release|Any CPU
	EndGlobalSection
	GlobalSection(SolutionProperties) = preSolution
		HideSolutionNode = FALSE
	EndGlobalSection
	GlobalSection(ExtensibilityGlobals) = postSolution
		SolutionGuid = {8FDBDEDF-C02A-47E9-B0B4-AC6F642F5A69}
	EndGlobalSection
EndGlobal
